// !$*UTF8*$!
{
	archiveVersion = 1;
	classes = {
	};
	objectVersion = 46;
	objects = {

/* Begin PBXBuildFile section */
		E314EA351F1707060060F806 /* main.m in Sources */ = {isa = PBXBuildFile; fileRef = E314EA341F1707060060F806 /* main.m */; };
		E314EA3E1F1707060060F806 /* Main.storyboard in Resources */ = {isa = PBXBuildFile; fileRef = E314EA3C1F1707060060F806 /* Main.storyboard */; };
		E314EA401F1707060060F806 /* Assets.xcassets in Resources */ = {isa = PBXBuildFile; fileRef = E314EA3F1F1707060060F806 /* Assets.xcassets */; };
		E314EA431F1707060060F806 /* LaunchScreen.storyboard in Resources */ = {isa = PBXBuildFile; fileRef = E314EA411F1707060060F806 /* LaunchScreen.storyboard */; };
		E314EA711F1707B70060F806 /* AppDelegate.m in Sources */ = {isa = PBXBuildFile; fileRef = E314EA6C1F1707B70060F806 /* AppDelegate.m */; };
		E314EA721F1707B70060F806 /* BootLogic.m in Sources */ = {isa = PBXBuildFile; fileRef = E314EA6E1F1707B70060F806 /* BootLogic.m */; };
		E314EA731F1707B70060F806 /* ConsoleScreen.m in Sources */ = {isa = PBXBuildFile; fileRef = E314EA701F1707B70060F806 /* ConsoleScreen.m */; };
		E314EA761F1707CE0060F806 /* MainScreen.m in Sources */ = {isa = PBXBuildFile; fileRef = E314EA751F1707CE0060F806 /* MainScreen.m */; };
		E314EA8A1F1709C60060F806 /* campFire01.gif in Resources */ = {isa = PBXBuildFile; fileRef = E314EA791F1709C60060F806 /* campFire01.gif */; };
		E314EA8B1F1709C60060F806 /* campFire02.gif in Resources */ = {isa = PBXBuildFile; fileRef = E314EA7A1F1709C60060F806 /* campFire02.gif */; };
		E314EA8C1F1709C60060F806 /* campFire03.gif in Resources */ = {isa = PBXBuildFile; fileRef = E314EA7B1F1709C60060F806 /* campFire03.gif */; };
		E314EA8D1F1709C60060F806 /* campFire04.gif in Resources */ = {isa = PBXBuildFile; fileRef = E314EA7C1F1709C60060F806 /* campFire04.gif */; };
		E314EA8E1F1709C60060F806 /* campFire05.gif in Resources */ = {isa = PBXBuildFile; fileRef = E314EA7D1F1709C60060F806 /* campFire05.gif */; };
		E314EA8F1F1709C60060F806 /* campFire06.gif in Resources */ = {isa = PBXBuildFile; fileRef = E314EA7E1F1709C60060F806 /* campFire06.gif */; };
		E314EA901F1709C60060F806 /* campFire07.gif in Resources */ = {isa = PBXBuildFile; fileRef = E314EA7F1F1709C60060F806 /* campFire07.gif */; };
		E314EA911F1709C60060F806 /* campFire08.gif in Resources */ = {isa = PBXBuildFile; fileRef = E314EA801F1709C60060F806 /* campFire08.gif */; };
		E314EA921F1709C70060F806 /* campFire09.gif in Resources */ = {isa = PBXBuildFile; fileRef = E314EA811F1709C60060F806 /* campFire09.gif */; };
		E314EA931F1709C70060F806 /* campFire10.gif in Resources */ = {isa = PBXBuildFile; fileRef = E314EA821F1709C60060F806 /* campFire10.gif */; };
		E314EA941F1709C70060F806 /* campFire11.gif in Resources */ = {isa = PBXBuildFile; fileRef = E314EA831F1709C60060F806 /* campFire11.gif */; };
		E314EA951F1709C70060F806 /* campFire12.gif in Resources */ = {isa = PBXBuildFile; fileRef = E314EA841F1709C60060F806 /* campFire12.gif */; };
		E314EA961F1709C70060F806 /* campFire13.gif in Resources */ = {isa = PBXBuildFile; fileRef = E314EA851F1709C60060F806 /* campFire13.gif */; };
		E314EA971F1709C70060F806 /* campFire14.gif in Resources */ = {isa = PBXBuildFile; fileRef = E314EA861F1709C60060F806 /* campFire14.gif */; };
		E314EA981F1709C70060F806 /* campFire15.gif in Resources */ = {isa = PBXBuildFile; fileRef = E314EA871F1709C60060F806 /* campFire15.gif */; };
		E314EA991F1709C70060F806 /* campFire16.gif in Resources */ = {isa = PBXBuildFile; fileRef = E314EA881F1709C60060F806 /* campFire16.gif */; };
		E314EA9A1F1709C70060F806 /* campFire17.gif in Resources */ = {isa = PBXBuildFile; fileRef = E314EA891F1709C60060F806 /* campFire17.gif */; };
		E314EAA31F170ECD0060F806 /* campFire.m in Sources */ = {isa = PBXBuildFile; fileRef = E314EAA21F170ECD0060F806 /* campFire.m */; };
/* End PBXBuildFile section */

/* Begin PBXContainerItemProxy section */
		E314EA4A1F1707060060F806 /* PBXContainerItemProxy */ = {
			isa = PBXContainerItemProxy;
			containerPortal = E314EA281F1707060060F806 /* Project object */;
			proxyType = 1;
			remoteGlobalIDString = E314EA2F1F1707060060F806;
			remoteInfo = someUIViewDemos;
		};
		E314EA551F1707060060F806 /* PBXContainerItemProxy */ = {
			isa = PBXContainerItemProxy;
			containerPortal = E314EA281F1707060060F806 /* Project object */;
			proxyType = 1;
			remoteGlobalIDString = E314EA2F1F1707060060F806;
			remoteInfo = someUIViewDemos;
		};
/* End PBXContainerItemProxy section */

/* Begin PBXFileReference section */
		E314EA301F1707060060F806 /* someUIViewDemos.app */ = {isa = PBXFileReference; explicitFileType = wrapper.application; includeInIndex = 0; path = someUIViewDemos.app; sourceTree = BUILT_PRODUCTS_DIR; };
		E314EA341F1707060060F806 /* main.m */ = {isa = PBXFileReference; lastKnownFileType = sourcecode.c.objc; path = main.m; sourceTree = "<group>"; };
		E314EA3D1F1707060060F806 /* Base */ = {isa = PBXFileReference; lastKnownFileType = file.storyboard; name = Base; path = Base.lproj/Main.storyboard; sourceTree = "<group>"; };
		E314EA3F1F1707060060F806 /* Assets.xcassets */ = {isa = PBXFileReference; lastKnownFileType = folder.assetcatalog; path = Assets.xcassets; sourceTree = "<group>"; };
		E314EA421F1707060060F806 /* Base */ = {isa = PBXFileReference; lastKnownFileType = file.storyboard; name = Base; path = Base.lproj/LaunchScreen.storyboard; sourceTree = "<group>"; };
		E314EA441F1707060060F806 /* Info.plist */ = {isa = PBXFileReference; lastKnownFileType = text.plist.xml; path = Info.plist; sourceTree = "<group>"; };
		E314EA491F1707060060F806 /* someUIViewDemosTests.xctest */ = {isa = PBXFileReference; explicitFileType = wrapper.cfbundle; includeInIndex = 0; path = someUIViewDemosTests.xctest; sourceTree = BUILT_PRODUCTS_DIR; };
		E314EA541F1707060060F806 /* someUIViewDemosUITests.xctest */ = {isa = PBXFileReference; explicitFileType = wrapper.cfbundle; includeInIndex = 0; path = someUIViewDemosUITests.xctest; sourceTree = BUILT_PRODUCTS_DIR; };
		E314EA6B1F1707B70060F806 /* AppDelegate.h */ = {isa = PBXFileReference; fileEncoding = 4; lastKnownFileType = sourcecode.c.h; name = AppDelegate.h; path = "Bootstrap-master/TechmasterApp/AppDelegate.h"; sourceTree = "<group>"; };
		E314EA6C1F1707B70060F806 /* AppDelegate.m */ = {isa = PBXFileReference; fileEncoding = 4; lastKnownFileType = sourcecode.c.objc; name = AppDelegate.m; path = "Bootstrap-master/TechmasterApp/AppDelegate.m"; sourceTree = "<group>"; };
		E314EA6D1F1707B70060F806 /* BootLogic.h */ = {isa = PBXFileReference; fileEncoding = 4; lastKnownFileType = sourcecode.c.h; name = BootLogic.h; path = "Bootstrap-master/TechmasterApp/BootLogic.h"; sourceTree = "<group>"; };
		E314EA6E1F1707B70060F806 /* BootLogic.m */ = {isa = PBXFileReference; fileEncoding = 4; lastKnownFileType = sourcecode.c.objc; name = BootLogic.m; path = "Bootstrap-master/TechmasterApp/BootLogic.m"; sourceTree = "<group>"; };
		E314EA6F1F1707B70060F806 /* ConsoleScreen.h */ = {isa = PBXFileReference; fileEncoding = 4; lastKnownFileType = sourcecode.c.h; name = ConsoleScreen.h; path = "Bootstrap-master/TechmasterApp/ConsoleScreen.h"; sourceTree = "<group>"; };
		E314EA701F1707B70060F806 /* ConsoleScreen.m */ = {isa = PBXFileReference; fileEncoding = 4; lastKnownFileType = sourcecode.c.objc; name = ConsoleScreen.m; path = "Bootstrap-master/TechmasterApp/ConsoleScreen.m"; sourceTree = "<group>"; };
		E314EA741F1707CE0060F806 /* MainScreen.h */ = {isa = PBXFileReference; fileEncoding = 4; lastKnownFileType = sourcecode.c.h; name = MainScreen.h; path = "Bootstrap-master/TechmasterApp/MainScreen.h"; sourceTree = "<group>"; };
		E314EA751F1707CE0060F806 /* MainScreen.m */ = {isa = PBXFileReference; fileEncoding = 4; lastKnownFileType = sourcecode.c.objc; name = MainScreen.m; path = "Bootstrap-master/TechmasterApp/MainScreen.m"; sourceTree = "<group>"; };
		E314EA791F1709C60060F806 /* campFire01.gif */ = {isa = PBXFileReference; lastKnownFileType = image.gif; path = campFire01.gif; sourceTree = "<group>"; };
		E314EA7A1F1709C60060F806 /* campFire02.gif */ = {isa = PBXFileReference; lastKnownFileType = image.gif; path = campFire02.gif; sourceTree = "<group>"; };
		E314EA7B1F1709C60060F806 /* campFire03.gif */ = {isa = PBXFileReference; lastKnownFileType = image.gif; path = campFire03.gif; sourceTree = "<group>"; };
		E314EA7C1F1709C60060F806 /* campFire04.gif */ = {isa = PBXFileReference; lastKnownFileType = image.gif; path = campFire04.gif; sourceTree = "<group>"; };
		E314EA7D1F1709C60060F806 /* campFire05.gif */ = {isa = PBXFileReference; lastKnownFileType = image.gif; path = campFire05.gif; sourceTree = "<group>"; };
		E314EA7E1F1709C60060F806 /* campFire06.gif */ = {isa = PBXFileReference; lastKnownFileType = image.gif; path = campFire06.gif; sourceTree = "<group>"; };
		E314EA7F1F1709C60060F806 /* campFire07.gif */ = {isa = PBXFileReference; lastKnownFileType = image.gif; path = campFire07.gif; sourceTree = "<group>"; };
		E314EA801F1709C60060F806 /* campFire08.gif */ = {isa = PBXFileReference; lastKnownFileType = image.gif; path = campFire08.gif; sourceTree = "<group>"; };
		E314EA811F1709C60060F806 /* campFire09.gif */ = {isa = PBXFileReference; lastKnownFileType = image.gif; path = campFire09.gif; sourceTree = "<group>"; };
		E314EA821F1709C60060F806 /* campFire10.gif */ = {isa = PBXFileReference; lastKnownFileType = image.gif; path = campFire10.gif; sourceTree = "<group>"; };
		E314EA831F1709C60060F806 /* campFire11.gif */ = {isa = PBXFileReference; lastKnownFileType = image.gif; path = campFire11.gif; sourceTree = "<group>"; };
		E314EA841F1709C60060F806 /* campFire12.gif */ = {isa = PBXFileReference; lastKnownFileType = image.gif; path = campFire12.gif; sourceTree = "<group>"; };
		E314EA851F1709C60060F806 /* campFire13.gif */ = {isa = PBXFileReference; lastKnownFileType = image.gif; path = campFire13.gif; sourceTree = "<group>"; };
		E314EA861F1709C60060F806 /* campFire14.gif */ = {isa = PBXFileReference; lastKnownFileType = image.gif; path = campFire14.gif; sourceTree = "<group>"; };
		E314EA871F1709C60060F806 /* campFire15.gif */ = {isa = PBXFileReference; lastKnownFileType = image.gif; path = campFire15.gif; sourceTree = "<group>"; };
		E314EA881F1709C60060F806 /* campFire16.gif */ = {isa = PBXFileReference; lastKnownFileType = image.gif; path = campFire16.gif; sourceTree = "<group>"; };
		E314EA891F1709C60060F806 /* campFire17.gif */ = {isa = PBXFileReference; lastKnownFileType = image.gif; path = campFire17.gif; sourceTree = "<group>"; };
		E314EAA11F170ECD0060F806 /* campFire.h */ = {isa = PBXFileReference; fileEncoding = 4; lastKnownFileType = sourcecode.c.h; path = campFire.h; sourceTree = "<group>"; };
		E314EAA21F170ECD0060F806 /* campFire.m */ = {isa = PBXFileReference; fileEncoding = 4; lastKnownFileType = sourcecode.c.objc; path = campFire.m; sourceTree = "<group>"; };
/* End PBXFileReference section */

/* Begin PBXFrameworksBuildPhase section */
		E314EA2D1F1707060060F806 /* Frameworks */ = {
			isa = PBXFrameworksBuildPhase;
			buildActionMask = 2147483647;
			files = (
			);
			runOnlyForDeploymentPostprocessing = 0;
		};
		E314EA461F1707060060F806 /* Frameworks */ = {
			isa = PBXFrameworksBuildPhase;
			buildActionMask = 2147483647;
			files = (
			);
			runOnlyForDeploymentPostprocessing = 0;
		};
		E314EA511F1707060060F806 /* Frameworks */ = {
			isa = PBXFrameworksBuildPhase;
			buildActionMask = 2147483647;
			files = (
			);
			runOnlyForDeploymentPostprocessing = 0;
		};
/* End PBXFrameworksBuildPhase section */

/* Begin PBXGroup section */
		E314EA271F1707060060F806 = {
			isa = PBXGroup;
			children = (
				E314EA321F1707060060F806 /* someUIViewDemos */,
				E314EA311F1707060060F806 /* Products */,
			);
			sourceTree = "<group>";
		};
		E314EA311F1707060060F806 /* Products */ = {
			isa = PBXGroup;
			children = (
				E314EA301F1707060060F806 /* someUIViewDemos.app */,
				E314EA491F1707060060F806 /* someUIViewDemosTests.xctest */,
				E314EA541F1707060060F806 /* someUIViewDemosUITests.xctest */,
			);
			name = Products;
			sourceTree = "<group>";
		};
		E314EA321F1707060060F806 /* someUIViewDemos */ = {
			isa = PBXGroup;
			children = (
				E314EA661F17073E0060F806 /* Core */,
				E314EA771F1709210060F806 /* Basic */,
				E314EA3C1F1707060060F806 /* Main.storyboard */,
				E314EA3F1F1707060060F806 /* Assets.xcassets */,
				E314EA411F1707060060F806 /* LaunchScreen.storyboard */,
				E314EA441F1707060060F806 /* Info.plist */,
				E314EA331F1707060060F806 /* Supporting Files */,
			);
			path = someUIViewDemos;
			sourceTree = "<group>";
		};
		E314EA331F1707060060F806 /* Supporting Files */ = {
			isa = PBXGroup;
			children = (
				E314EA341F1707060060F806 /* main.m */,
			);
			name = "Supporting Files";
			sourceTree = "<group>";
		};
		E314EA661F17073E0060F806 /* Core */ = {
			isa = PBXGroup;
			children = (
				E314EA741F1707CE0060F806 /* MainScreen.h */,
				E314EA751F1707CE0060F806 /* MainScreen.m */,
				E314EA6B1F1707B70060F806 /* AppDelegate.h */,
				E314EA6C1F1707B70060F806 /* AppDelegate.m */,
				E314EA6D1F1707B70060F806 /* BootLogic.h */,
				E314EA6E1F1707B70060F806 /* BootLogic.m */,
				E314EA6F1F1707B70060F806 /* ConsoleScreen.h */,
				E314EA701F1707B70060F806 /* ConsoleScreen.m */,
			);
			name = Core;
			sourceTree = "<group>";
		};
		E314EA771F1709210060F806 /* Basic */ = {
			isa = PBXGroup;
			children = (
				E314EAA11F170ECD0060F806 /* campFire.h */,
				E314EAA21F170ECD0060F806 /* campFire.m */,
				E314EA781F1709790060F806 /* bonFire */,
			);
			name = Basic;
			sourceTree = "<group>";
		};
		E314EA781F1709790060F806 /* bonFire */ = {
			isa = PBXGroup;
			children = (
				E314EA791F1709C60060F806 /* campFire01.gif */,
				E314EA7A1F1709C60060F806 /* campFire02.gif */,
				E314EA7B1F1709C60060F806 /* campFire03.gif */,
				E314EA7C1F1709C60060F806 /* campFire04.gif */,
				E314EA7D1F1709C60060F806 /* campFire05.gif */,
				E314EA7E1F1709C60060F806 /* campFire06.gif */,
				E314EA7F1F1709C60060F806 /* campFire07.gif */,
				E314EA801F1709C60060F806 /* campFire08.gif */,
				E314EA811F1709C60060F806 /* campFire09.gif */,
				E314EA821F1709C60060F806 /* campFire10.gif */,
				E314EA831F1709C60060F806 /* campFire11.gif */,
				E314EA841F1709C60060F806 /* campFire12.gif */,
				E314EA851F1709C60060F806 /* campFire13.gif */,
				E314EA861F1709C60060F806 /* campFire14.gif */,
				E314EA871F1709C60060F806 /* campFire15.gif */,
				E314EA881F1709C60060F806 /* campFire16.gif */,
				E314EA891F1709C60060F806 /* campFire17.gif */,
			);
			name = bonFire;
			sourceTree = "<group>";
		};
/* End PBXGroup section */

/* Begin PBXNativeTarget section */
		E314EA2F1F1707060060F806 /* someUIViewDemos */ = {
			isa = PBXNativeTarget;
			buildConfigurationList = E314EA5D1F1707060060F806 /* Build configuration list for PBXNativeTarget "someUIViewDemos" */;
			buildPhases = (
				E314EA2C1F1707060060F806 /* Sources */,
				E314EA2D1F1707060060F806 /* Frameworks */,
				E314EA2E1F1707060060F806 /* Resources */,
			);
			buildRules = (
			);
			dependencies = (
			);
			name = someUIViewDemos;
			productName = someUIViewDemos;
			productReference = E314EA301F1707060060F806 /* someUIViewDemos.app */;
			productType = "com.apple.product-type.application";
		};
		E314EA481F1707060060F806 /* someUIViewDemosTests */ = {
			isa = PBXNativeTarget;
			buildConfigurationList = E314EA601F1707060060F806 /* Build configuration list for PBXNativeTarget "someUIViewDemosTests" */;
			buildPhases = (
				E314EA451F1707060060F806 /* Sources */,
				E314EA461F1707060060F806 /* Frameworks */,
				E314EA471F1707060060F806 /* Resources */,
			);
			buildRules = (
			);
			dependencies = (
				E314EA4B1F1707060060F806 /* PBXTargetDependency */,
			);
			name = someUIViewDemosTests;
			productName = someUIViewDemosTests;
			productReference = E314EA491F1707060060F806 /* someUIViewDemosTests.xctest */;
			productType = "com.apple.product-type.bundle.unit-test";
		};
		E314EA531F1707060060F806 /* someUIViewDemosUITests */ = {
			isa = PBXNativeTarget;
			buildConfigurationList = E314EA631F1707060060F806 /* Build configuration list for PBXNativeTarget "someUIViewDemosUITests" */;
			buildPhases = (
				E314EA501F1707060060F806 /* Sources */,
				E314EA511F1707060060F806 /* Frameworks */,
				E314EA521F1707060060F806 /* Resources */,
			);
			buildRules = (
			);
			dependencies = (
				E314EA561F1707060060F806 /* PBXTargetDependency */,
			);
			name = someUIViewDemosUITests;
			productName = someUIViewDemosUITests;
			productReference = E314EA541F1707060060F806 /* someUIViewDemosUITests.xctest */;
			productType = "com.apple.product-type.bundle.ui-testing";
		};
/* End PBXNativeTarget section */

/* Begin PBXProject section */
		E314EA281F1707060060F806 /* Project object */ = {
			isa = PBXProject;
			attributes = {
				LastUpgradeCheck = 0830;
				ORGANIZATIONNAME = ThanhTo;
				TargetAttributes = {
					E314EA2F1F1707060060F806 = {
						CreatedOnToolsVersion = 8.3.3;
						ProvisioningStyle = Automatic;
					};
					E314EA481F1707060060F806 = {
						CreatedOnToolsVersion = 8.3.3;
						ProvisioningStyle = Automatic;
						TestTargetID = E314EA2F1F1707060060F806;
					};
					E314EA531F1707060060F806 = {
						CreatedOnToolsVersion = 8.3.3;
						ProvisioningStyle = Automatic;
						TestTargetID = E314EA2F1F1707060060F806;
					};
				};
			};
			buildConfigurationList = E314EA2B1F1707060060F806 /* Build configuration list for PBXProject "someUIViewDemos" */;
			compatibilityVersion = "Xcode 3.2";
			developmentRegion = English;
			hasScannedForEncodings = 0;
			knownRegions = (
				en,
				Base,
			);
			mainGroup = E314EA271F1707060060F806;
			productRefGroup = E314EA311F1707060060F806 /* Products */;
			projectDirPath = "";
			projectRoot = "";
			targets = (
				E314EA2F1F1707060060F806 /* someUIViewDemos */,
				E314EA481F1707060060F806 /* someUIViewDemosTests */,
				E314EA531F1707060060F806 /* someUIViewDemosUITests */,
			);
		};
/* End PBXProject section */

/* Begin PBXResourcesBuildPhase section */
		E314EA2E1F1707060060F806 /* Resources */ = {
			isa = PBXResourcesBuildPhase;
			buildActionMask = 2147483647;
			files = (
				E314EA901F1709C60060F806 /* campFire07.gif in Resources */,
				E314EA8B1F1709C60060F806 /* campFire02.gif in Resources */,
				E314EA921F1709C70060F806 /* campFire09.gif in Resources */,
				E314EA971F1709C70060F806 /* campFire14.gif in Resources */,
				E314EA431F1707060060F806 /* LaunchScreen.storyboard in Resources */,
				E314EA9A1F1709C70060F806 /* campFire17.gif in Resources */,
				E314EA8C1F1709C60060F806 /* campFire03.gif in Resources */,
				E314EA401F1707060060F806 /* Assets.xcassets in Resources */,
				E314EA981F1709C70060F806 /* campFire15.gif in Resources */,
				E314EA8A1F1709C60060F806 /* campFire01.gif in Resources */,
				E314EA8D1F1709C60060F806 /* campFire04.gif in Resources */,
				E314EA931F1709C70060F806 /* campFire10.gif in Resources */,
				E314EA8E1F1709C60060F806 /* campFire05.gif in Resources */,
				E314EA951F1709C70060F806 /* campFire12.gif in Resources */,
				E314EA991F1709C70060F806 /* campFire16.gif in Resources */,
				E314EA911F1709C60060F806 /* campFire08.gif in Resources */,
				E314EA941F1709C70060F806 /* campFire11.gif in Resources */,
				E314EA961F1709C70060F806 /* campFire13.gif in Resources */,
				E314EA3E1F1707060060F806 /* Main.storyboard in Resources */,
				E314EA8F1F1709C60060F806 /* campFire06.gif in Resources */,
			);
			runOnlyForDeploymentPostprocessing = 0;
		};
		E314EA471F1707060060F806 /* Resources */ = {
			isa = PBXResourcesBuildPhase;
			buildActionMask = 2147483647;
			files = (
			);
			runOnlyForDeploymentPostprocessing = 0;
		};
		E314EA521F1707060060F806 /* Resources */ = {
			isa = PBXResourcesBuildPhase;
			buildActionMask = 2147483647;
			files = (
			);
			runOnlyForDeploymentPostprocessing = 0;
		};
/* End PBXResourcesBuildPhase section */

/* Begin PBXSourcesBuildPhase section */
		E314EA2C1F1707060060F806 /* Sources */ = {
			isa = PBXSourcesBuildPhase;
			buildActionMask = 2147483647;
			files = (
				E314EAA31F170ECD0060F806 /* campFire.m in Sources */,
				E314EA721F1707B70060F806 /* BootLogic.m in Sources */,
				E314EA761F1707CE0060F806 /* MainScreen.m in Sources */,
				E314EA731F1707B70060F806 /* ConsoleScreen.m in Sources */,
				E314EA711F1707B70060F806 /* AppDelegate.m in Sources */,
				E314EA351F1707060060F806 /* main.m in Sources */,
			);
			runOnlyForDeploymentPostprocessing = 0;
		};
		E314EA451F1707060060F806 /* Sources */ = {
			isa = PBXSourcesBuildPhase;
			buildActionMask = 2147483647;
			files = (
			);
			runOnlyForDeploymentPostprocessing = 0;
		};
		E314EA501F1707060060F806 /* Sources */ = {
			isa = PBXSourcesBuildPhase;
			buildActionMask = 2147483647;
			files = (
			);
			runOnlyForDeploymentPostprocessing = 0;
		};
/* End PBXSourcesBuildPhase section */

/* Begin PBXTargetDependency section */
		E314EA4B1F1707060060F806 /* PBXTargetDependency */ = {
			isa = PBXTargetDependency;
			target = E314EA2F1F1707060060F806 /* someUIViewDemos */;
			targetProxy = E314EA4A1F1707060060F806 /* PBXContainerItemProxy */;
		};
		E314EA561F1707060060F806 /* PBXTargetDependency */ = {
			isa = PBXTargetDependency;
			target = E314EA2F1F1707060060F806 /* someUIViewDemos */;
			targetProxy = E314EA551F1707060060F806 /* PBXContainerItemProxy */;
		};
/* End PBXTargetDependency section */

/* Begin PBXVariantGroup section */
		E314EA3C1F1707060060F806 /* Main.storyboard */ = {
			isa = PBXVariantGroup;
			children = (
				E314EA3D1F1707060060F806 /* Base */,
			);
			name = Main.storyboard;
			sourceTree = "<group>";
		};
		E314EA411F1707060060F806 /* LaunchScreen.storyboard */ = {
			isa = PBXVariantGroup;
			children = (
				E314EA421F1707060060F806 /* Base */,
			);
			name = LaunchScreen.storyboard;
			sourceTree = "<group>";
		};
/* End PBXVariantGroup section */

/* Begin XCBuildConfiguration section */
		E314EA5B1F1707060060F806 /* Debug */ = {
			isa = XCBuildConfiguration;
			buildSettings = {
				ALWAYS_SEARCH_USER_PATHS = NO;
				CLANG_ANALYZER_NONNULL = YES;
				CLANG_ANALYZER_NUMBER_OBJECT_CONVERSION = YES_AGGRESSIVE;
				CLANG_CXX_LANGUAGE_STANDARD = "gnu++0x";
				CLANG_CXX_LIBRARY = "libc++";
				CLANG_ENABLE_MODULES = YES;
				CLANG_ENABLE_OBJC_ARC = YES;
				CLANG_WARN_BOOL_CONVERSION = YES;
				CLANG_WARN_CONSTANT_CONVERSION = YES;
				CLANG_WARN_DIRECT_OBJC_ISA_USAGE = YES_ERROR;
				CLANG_WARN_DOCUMENTATION_COMMENTS = YES;
				CLANG_WARN_EMPTY_BODY = YES;
				CLANG_WARN_ENUM_CONVERSION = YES;
				CLANG_WARN_INFINITE_RECURSION = YES;
				CLANG_WARN_INT_CONVERSION = YES;
				CLANG_WARN_OBJC_ROOT_CLASS = YES_ERROR;
				CLANG_WARN_SUSPICIOUS_MOVE = YES;
				CLANG_WARN_UNREACHABLE_CODE = YES;
				CLANG_WARN__DUPLICATE_METHOD_MATCH = YES;
				"CODE_SIGN_IDENTITY[sdk=iphoneos*]" = "iPhone Developer";
				COPY_PHASE_STRIP = NO;
				DEBUG_INFORMATION_FORMAT = dwarf;
				ENABLE_STRICT_OBJC_MSGSEND = YES;
				ENABLE_TESTABILITY = YES;
				GCC_C_LANGUAGE_STANDARD = gnu99;
				GCC_DYNAMIC_NO_PIC = NO;
				GCC_NO_COMMON_BLOCKS = YES;
				GCC_OPTIMIZATION_LEVEL = 0;
				GCC_PREPROCESSOR_DEFINITIONS = (
					"DEBUG=1",
					"$(inherited)",
				);
				GCC_WARN_64_TO_32_BIT_CONVERSION = YES;
				GCC_WARN_ABOUT_RETURN_TYPE = YES_ERROR;
				GCC_WARN_UNDECLARED_SELECTOR = YES;
				GCC_WARN_UNINITIALIZED_AUTOS = YES_AGGRESSIVE;
				GCC_WARN_UNUSED_FUNCTION = YES;
				GCC_WARN_UNUSED_VARIABLE = YES;
				IPHONEOS_DEPLOYMENT_TARGET = 10.3;
				MTL_ENABLE_DEBUG_INFO = YES;
				ONLY_ACTIVE_ARCH = YES;
				SDKROOT = iphoneos;
			};
			name = Debug;
		};
		E314EA5C1F1707060060F806 /* Release */ = {
			isa = XCBuildConfiguration;
			buildSettings = {
				ALWAYS_SEARCH_USER_PATHS = NO;
				CLANG_ANALYZER_NONNULL = YES;
				CLANG_ANALYZER_NUMBER_OBJECT_CONVERSION = YES_AGGRESSIVE;
				CLANG_CXX_LANGUAGE_STANDARD = "gnu++0x";
				CLANG_CXX_LIBRARY = "libc++";
				CLANG_ENABLE_MODULES = YES;
				CLANG_ENABLE_OBJC_ARC = YES;
				CLANG_WARN_BOOL_CONVERSION = YES;
				CLANG_WARN_CONSTANT_CONVERSION = YES;
				CLANG_WARN_DIRECT_OBJC_ISA_USAGE = YES_ERROR;
				CLANG_WARN_DOCUMENTATION_COMMENTS = YES;
				CLANG_WARN_EMPTY_BODY = YES;
				CLANG_WARN_ENUM_CONVERSION = YES;
				CLANG_WARN_INFINITE_RECURSION = YES;
				CLANG_WARN_INT_CONVERSION = YES;
				CLANG_WARN_OBJC_ROOT_CLASS = YES_ERROR;
				CLANG_WARN_SUSPICIOUS_MOVE = YES;
				CLANG_WARN_UNREACHABLE_CODE = YES;
				CLANG_WARN__DUPLICATE_METHOD_MATCH = YES;
				"CODE_SIGN_IDENTITY[sdk=iphoneos*]" = "iPhone Developer";
				COPY_PHASE_STRIP = NO;
				DEBUG_INFORMATION_FORMAT = "dwarf-with-dsym";
				ENABLE_NS_ASSERTIONS = NO;
				ENABLE_STRICT_OBJC_MSGSEND = YES;
				GCC_C_LANGUAGE_STANDARD = gnu99;
				GCC_NO_COMMON_BLOCKS = YES;
				GCC_WARN_64_TO_32_BIT_CONVERSION = YES;
				GCC_WARN_ABOUT_RETURN_TYPE = YES_ERROR;
				GCC_WARN_UNDECLARED_SELECTOR = YES;
				GCC_WARN_UNINITIALIZED_AUTOS = YES_AGGRESSIVE;
				GCC_WARN_UNUSED_FUNCTION = YES;
				GCC_WARN_UNUSED_VARIABLE = YES;
				IPHONEOS_DEPLOYMENT_TARGET = 10.3;
				MTL_ENABLE_DEBUG_INFO = NO;
				SDKROOT = iphoneos;
				VALIDATE_PRODUCT = YES;
			};
			name = Release;
		};
		E314EA5E1F1707060060F806 /* Debug */ = {
			isa = XCBuildConfiguration;
			buildSettings = {
				ASSETCATALOG_COMPILER_APPICON_NAME = AppIcon;
				INFOPLIST_FILE = someUIViewDemos/Info.plist;
				LD_RUNPATH_SEARCH_PATHS = "$(inherited) @executable_path/Frameworks";
				PRODUCT_BUNDLE_IDENTIFIER = vn.ThanhTo.someUIViewDemos;
				PRODUCT_NAME = "$(TARGET_NAME)";
			};
			name = Debug;
		};
		E314EA5F1F1707060060F806 /* Release */ = {
			isa = XCBuildConfiguration;
			buildSettings = {
				ASSETCATALOG_COMPILER_APPICON_NAME = AppIcon;
				INFOPLIST_FILE = someUIViewDemos/Info.plist;
				LD_RUNPATH_SEARCH_PATHS = "$(inherited) @executable_path/Frameworks";
				PRODUCT_BUNDLE_IDENTIFIER = vn.ThanhTo.someUIViewDemos;
				PRODUCT_NAME = "$(TARGET_NAME)";
			};
			name = Release;
		};
		E314EA611F1707060060F806 /* Debug */ = {
			isa = XCBuildConfiguration;
			buildSettings = {
				BUNDLE_LOADER = "$(TEST_HOST)";
				INFOPLIST_FILE = someUIViewDemosTests/Info.plist;
				LD_RUNPATH_SEARCH_PATHS = "$(inherited) @executable_path/Frameworks @loader_path/Frameworks";
				PRODUCT_BUNDLE_IDENTIFIER = vn.ThanhTo.someUIViewDemosTests;
				PRODUCT_NAME = "$(TARGET_NAME)";
				TEST_HOST = "$(BUILT_PRODUCTS_DIR)/someUIViewDemos.app/someUIViewDemos";
			};
			name = Debug;
		};
		E314EA621F1707060060F806 /* Release */ = {
			isa = XCBuildConfiguration;
			buildSettings = {
				BUNDLE_LOADER = "$(TEST_HOST)";
				INFOPLIST_FILE = someUIViewDemosTests/Info.plist;
				LD_RUNPATH_SEARCH_PATHS = "$(inherited) @executable_path/Frameworks @loader_path/Frameworks";
				PRODUCT_BUNDLE_IDENTIFIER = vn.ThanhTo.someUIViewDemosTests;
				PRODUCT_NAME = "$(TARGET_NAME)";
				TEST_HOST = "$(BUILT_PRODUCTS_DIR)/someUIViewDemos.app/someUIViewDemos";
			};
			name = Release;
		};
		E314EA641F1707060060F806 /* Debug */ = {
			isa = XCBuildConfiguration;
			buildSettings = {
				INFOPLIST_FILE = someUIViewDemosUITests/Info.plist;
				LD_RUNPATH_SEARCH_PATHS = "$(inherited) @executable_path/Frameworks @loader_path/Frameworks";
				PRODUCT_BUNDLE_IDENTIFIER = vn.ThanhTo.someUIViewDemosUITests;
				PRODUCT_NAME = "$(TARGET_NAME)";
				TEST_TARGET_NAME = someUIViewDemos;
			};
			name = Debug;
		};
		E314EA651F1707060060F806 /* Release */ = {
			isa = XCBuildConfiguration;
			buildSettings = {
				INFOPLIST_FILE = someUIViewDemosUITests/Info.plist;
				LD_RUNPATH_SEARCH_PATHS = "$(inherited) @executable_path/Frameworks @loader_path/Frameworks";
				PRODUCT_BUNDLE_IDENTIFIER = vn.ThanhTo.someUIViewDemosUITests;
				PRODUCT_NAME = "$(TARGET_NAME)";
				TEST_TARGET_NAME = someUIViewDemos;
			};
			name = Release;
		};
/* End XCBuildConfiguration section */

/* Begin XCConfigurationList section */
		E314EA2B1F1707060060F806 /* Build configuration list for PBXProject "someUIViewDemos" */ = {
			isa = XCConfigurationList;
			buildConfigurations = (
				E314EA5B1F1707060060F806 /* Debug */,
				E314EA5C1F1707060060F806 /* Release */,
			);
			defaultConfigurationIsVisible = 0;
			defaultConfigurationName = Release;
		};
		E314EA5D1F1707060060F806 /* Build configuration list for PBXNativeTarget "someUIViewDemos" */ = {
			isa = XCConfigurationList;
			buildConfigurations = (
				E314EA5E1F1707060060F806 /* Debug */,
				E314EA5F1F1707060060F806 /* Release */,
			);
			defaultConfigurationIsVisible = 0;
		};
		E314EA601F1707060060F806 /* Build configuration list for PBXNativeTarget "someUIViewDemosTests" */ = {
			isa = XCConfigurationList;
			buildConfigurations = (
				E314EA611F1707060060F806 /* Debug */,
				E314EA621F1707060060F806 /* Release */,
			);
			defaultConfigurationIsVisible = 0;
		};
		E314EA631F1707060060F806 /* Build configuration list for PBXNativeTarget "someUIViewDemosUITests" */ = {
			isa = XCConfigurationList;
			buildConfigurations = (
				E314EA641F1707060060F806 /* Debug */,
				E314EA651F1707060060F806 /* Release */,
			);
			defaultConfigurationIsVisible = 0;
		};
/* End XCConfigurationList section */
	};
	rootObject = E314EA281F1707060060F806 /* Project object */;
}
